// !$*UTF8*$!
{
	archiveVersion = 1;
	classes = {
	};
	objectVersion = 56;
	objects = {

/* Begin PBXBuildFile section */
		04A7814E4EEC70DE7D6C41B1 /* Assets.xcassets in Resources */ = {isa = PBXBuildFile; fileRef = 8D562B3E40B6C9EC53F38F07 /* Assets.xcassets */; };
		04DEEC5DF0043E486D50E6DE /* UserProfile.swift in Sources */ = {isa = PBXBuildFile; fileRef = A0021C5C2956990173B6D091 /* UserProfile.swift */; };
		0AEB7898D2545145F8E0B4C7 /* NutritionStore.swift in Sources */ = {isa = PBXBuildFile; fileRef = 9E6C56295BB4682F8D01931C /* NutritionStore.swift */; };
		10FD4B352EC8700EAA547D5A /* ReadinessBaselineProvider.swift in Sources */ = {isa = PBXBuildFile; fileRef = 21910ACF42084529910857DD /* ReadinessBaselineProvider.swift */; };
		15A12CC83C82EA541FC21539 /* OnboardingFlowView.swift in Sources */ = {isa = PBXBuildFile; fileRef = 60B3AAC2E60EF20542835FBA /* OnboardingFlowView.swift */; };
		1A2B3C4D5E6F7A8B9C0D1E2F /* SportProfile.swift in Sources */ = {isa = PBXBuildFile; fileRef = 2B3C4D5E6F7A8B9C0D1E2F3A /* SportProfile.swift */; };
		207B1054BC1640A290B31727 /* FoodPhotoScanView.swift in Sources */ = {isa = PBXBuildFile; fileRef = F32A5E2F875C4A01ABF14654 /* FoodPhotoScanView.swift */; };
		2F4C501FD3324042C681505E /* ActivityModels.swift in Sources */ = {isa = PBXBuildFile; fileRef = 91BF6A101ADB86CED296D47B /* ActivityModels.swift */; };
		334121B3B24C702D1A304A11 /* CoachActionEngine.swift in Sources */ = {isa = PBXBuildFile; fileRef = 9C03483DCAD73AF1E893D661 /* CoachActionEngine.swift */; };
		3D7E0FA367412974CCCFB823 /* ReadinessReportView.swift in Sources */ = {isa = PBXBuildFile; fileRef = 7AA17586E346D7FD3A99EB4A /* ReadinessReportView.swift */; };
		4342C66E6102EAB1E32F7F1E /* ProxyConfig.swift in Sources */ = {isa = PBXBuildFile; fileRef = D0200E6305302558E6CB980C /* ProxyConfig.swift */; };
		4D41CA20C98165484C57B400 /* ClaudeServiceTests.swift in Sources */ = {isa = PBXBuildFile; fileRef = F26164ACA6E2669428B3C7B3 /* ClaudeServiceTests.swift */; };
		4DC7EFA7E729B492D4D9172E /* AppState.swift in Sources */ = {isa = PBXBuildFile; fileRef = DBDA3236A3DD82FE4245CA7E /* AppState.swift */; };
		5B083EA9B8E1A2EDA5DF0690 /* WeightStore.swift in Sources */ = {isa = PBXBuildFile; fileRef = 6A473374B40C1F5DD3B764F6 /* WeightStore.swift */; };
		6105612DBCF6B316335CE476 /* AddFoodView.swift in Sources */ = {isa = PBXBuildFile; fileRef = 1505C1567225A39F15208143 /* AddFoodView.swift */; };
		626F30D58C3445F29E2F0BDE /* NotificationManager.swift in Sources */ = {isa = PBXBuildFile; fileRef = FEF3FD01726B46F7ADBE8A4E /* NotificationManager.swift */; };
		654C21FF9D12EF059A9C835B /* LogWeightView.swift in Sources */ = {isa = PBXBuildFile; fileRef = F6C9B84C7FB7A36D458D9FF7 /* LogWeightView.swift */; };
		65555E59D4F84D2CEC8A643A /* CoachActionEngineTests.swift in Sources */ = {isa = PBXBuildFile; fileRef = 64C38A60943F0E7701F1FBE2 /* CoachActionEngineTests.swift */; };
		66D5EF9C8C8195C928FF8368 /* ReadinessBaselineTests.swift in Sources */ = {isa = PBXBuildFile; fileRef = 10F1C5485AE3111A7148AC2C /* ReadinessBaselineTests.swift */; };
		7039CE9C1C224420879389AE /* GPSSession.swift in Sources */ = {isa = PBXBuildFile; fileRef = 43746BB905634F97B3497D38 /* GPSSession.swift */; };
		70D5940D7218B4D0C2F38E32 /* NutritionView.swift in Sources */ = {isa = PBXBuildFile; fileRef = 6B12905602A54541D803EDE4 /* NutritionView.swift */; };
		74C12F28F3F5DA47E83164EE /* MainTabView.swift in Sources */ = {isa = PBXBuildFile; fileRef = 60BB56C71F6FE206357FBC5B /* MainTabView.swift */; };
		7CC3CC76DDD9713EBCA04328 /* SettingsView.swift in Sources */ = {isa = PBXBuildFile; fileRef = 1A21A92B383EFD6E625BACD1 /* SettingsView.swift */; };
		805B6A7768104E6700107F70 /* AppAttestManager.swift in Sources */ = {isa = PBXBuildFile; fileRef = D6F3E886B51FBE741DF09E57 /* AppAttestManager.swift */; };
		8B96EA90586A664726888B8A /* RootView.swift in Sources */ = {isa = PBXBuildFile; fileRef = BB3876B349BED91B0D93DAFF /* RootView.swift */; };
		8C2832FA151648DE8EF36451 /* LoadStore.swift in Sources */ = {isa = PBXBuildFile; fileRef = E868E1A4C35548A0AF1BF44F /* LoadStore.swift */; };
		9AE8EBB19366BE4866A2D39A /* ScheduleModels.swift in Sources */ = {isa = PBXBuildFile; fileRef = 001F0D44BEF7DD9E0ECC9090 /* ScheduleModels.swift */; };
		9E83E42B410682BF4C540808 /* ReadinessEngine.swift in Sources */ = {isa = PBXBuildFile; fileRef = E3DA2E8E540D5D178DF69C5A /* ReadinessEngine.swift */; };
		A0CCA717A90BC88D63EAB5E8 /* ActivityStore.swift in Sources */ = {isa = PBXBuildFile; fileRef = 454E071F81DB7F28A76C3D8F /* ActivityStore.swift */; };
		A385AEA5DE38382CD65DAC61 /* ScheduleView.swift in Sources */ = {isa = PBXBuildFile; fileRef = 93877A8ED2CE9EBE2CD5B717 /* ScheduleView.swift */; };
		A55E846C7D9C11F5872AACFA /* KAIZENNApp.swift in Sources */ = {isa = PBXBuildFile; fileRef = 499F2B3DA0EBD4484B821FBA /* KAIZENNApp.swift */; };
		A75E1FF7D8D46D6B98DE3F29 /* ReadinessBaseline.swift in Sources */ = {isa = PBXBuildFile; fileRef = BD4987AED5A5D9A5F741039B /* ReadinessBaseline.swift */; };
		AE25D2ADB9303051068EFB7C /* WatchKit.framework in Frameworks */ = {isa = PBXBuildFile; fileRef = BA5063ABCB9D6C330FDC0C81 /* WatchKit.framework */; };
		B3B1E2166CCE182C164F3526 /* HealthKitManager.swift in Sources */ = {isa = PBXBuildFile; fileRef = A1926D9960C83E0D3B20705E /* HealthKitManager.swift */; };
		B5C6D7E8F9A0B1C2D3E4F5A6 /* StrengthLoggerView.swift in Sources */ = {isa = PBXBuildFile; fileRef = C6D7E8F9A0B1C2D3E4F5A6B7 /* StrengthLoggerView.swift */; };
		B5E83DAB5D740CAC794E2370 /* KAIZENNWatchApp.swift in Sources */ = {isa = PBXBuildFile; fileRef = 657D6919B2ABE2F8B5FEB5AC /* KAIZENNWatchApp.swift */; };
		B6C7D8E9F0A1B2C3D4E5F6A7 /* SportProfileSetupView.swift in Sources */ = {isa = PBXBuildFile; fileRef = A5B6C7D8E9F0A1B2C3D4E5F6 /* SportProfileSetupView.swift */; };
		B80BAD722FE4DDE100269068 /* File.txt in Resources */ = {isa = PBXBuildFile; fileRef = B80BAD712FE4DDE100269068 /* File.txt */; };
		BAFDE2B80D144A5F86AB9282 /* WatchConnectivityManager.swift in Sources */ = {isa = PBXBuildFile; fileRef = 9F19765D068E4A8698F6FC0F /* WatchConnectivityManager.swift */; };
		BB22CC33DD44EE55FF667788 /* ClaudeService.swift in Sources */ = {isa = PBXBuildFile; fileRef = AA11BB22CC33DD44EE55FF66 /* ClaudeService.swift */; };
		BC4B7FB8C7494662906B4E4F /* StrengthSession.swift in Sources */ = {isa = PBXBuildFile; fileRef = 9D0A0AEA590D4DB0BD445B4C /* StrengthSession.swift */; };
		BC770D61FF67FBCBA603E094 /* CoachView.swift in Sources */ = {isa = PBXBuildFile; fileRef = 4A3F9E0C64F4C07C0341E24D /* CoachView.swift */; };
		C2657B3BF636AA7FDAF9CCC6 /* AddTaskView.swift in Sources */ = {isa = PBXBuildFile; fileRef = 02B4E9E7F645566F6EC8259C /* AddTaskView.swift */; };
		CB061155EB874F821416F33C /* ContentView.swift in Sources */ = {isa = PBXBuildFile; fileRef = 8C55399A23DBC7E16DBC1841 /* ContentView.swift */; };
		CF64F6DD1FD2D1E73E0C0663 /* KComponents.swift in Sources */ = {isa = PBXBuildFile; fileRef = 70027590D58C8F57E6524260 /* KComponents.swift */; };
		CFD96B9274C1DF3C0C34E74E /* KTheme.swift in Sources */ = {isa = PBXBuildFile; fileRef = A083F1897FE65BA0360D927A /* KTheme.swift */; };
		D1E2F3A4B5C6D7E8F9A0B1C2 /* WearableHubView.swift in Sources */ = {isa = PBXBuildFile; fileRef = E2F3A4B5C6D7E8F9A0B1C2D3 /* WearableHubView.swift */; };
		D708C9FCD82AAD29C288DCB2 /* ScheduleStore.swift in Sources */ = {isa = PBXBuildFile; fileRef = 1F3CB7C0CC2324BD1548388D /* ScheduleStore.swift */; };
		D7E8F9A0B1C2D3E4F5A6B7C8 /* CatapultParser.swift in Sources */ = {isa = PBXBuildFile; fileRef = E8F9A0B1C2D3E4F5A6B7C8D9 /* CatapultParser.swift */; };
		DB04D9EC4599B2292D30C061 /* WeightView.swift in Sources */ = {isa = PBXBuildFile; fileRef = 1C226AC67400A8E7FD5F6509 /* WeightView.swift */; };
		E122309DF0C240A4AE53BC4F /* BarcodeScannerView.swift in Sources */ = {isa = PBXBuildFile; fileRef = C6744AA49E02464781C4373C /* BarcodeScannerView.swift */; };
		E2247B3EBA845E97050D7102 /* DashboardView.swift in Sources */ = {isa = PBXBuildFile; fileRef = 917FF61075306FED050C78AC /* DashboardView.swift */; };
		E31920300A97E130DA9FE108 /* NutritionModels.swift in Sources */ = {isa = PBXBuildFile; fileRef = 3486F76CEDC4116165842329 /* NutritionModels.swift */; };
		E798A40EFD4BFC2815BC9F04 /* ReadinessEngineTests.swift in Sources */ = {isa = PBXBuildFile; fileRef = 3EBE2F78097B007BB73911C9 /* ReadinessEngineTests.swift */; };
		F0A1B2C3D4E5F6A7B8C9D0E1 /* TrainingMenuScanView.swift in Sources */ = {isa = PBXBuildFile; fileRef = A1B2C3D4E5F6789012345678 /* TrainingMenuScanView.swift */; };
		F3A4B5C6D7E8F9A0B1C2D3E4 /* GPSImportView.swift in Sources */ = {isa = PBXBuildFile; fileRef = A4B5C6D7E8F9A0B1C2D3E4F5 /* GPSImportView.swift */; };
		F5F8306DA9EA43C58185E446 /* OpenFoodFactsService.swift in Sources */ = {isa = PBXBuildFile; fileRef = 8607429885DD49118322ECBA /* OpenFoodFactsService.swift */; };
		F7DFD454952E7A4E13CAE607 /* ProfileView.swift in Sources */ = {isa = PBXBuildFile; fileRef = 7B0503B9E1CF593DA0A19DA4 /* ProfileView.swift */; };
		FACE000000000000000000B1 /* UserProfileTests.swift in Sources */ = {isa = PBXBuildFile; fileRef = BEEF000000000000000000F1 /* UserProfileTests.swift */; };
		FACE000000000000000000B2 /* StrengthSessionTests.swift in Sources */ = {isa = PBXBuildFile; fileRef = BEEF000000000000000000F2 /* StrengthSessionTests.swift */; };
		FACE000000000000000000B3 /* GPSSessionTests.swift in Sources */ = {isa = PBXBuildFile; fileRef = BEEF000000000000000000F3 /* GPSSessionTests.swift */; };
		FACE000000000000000000B4 /* SportProfileTests.swift in Sources */ = {isa = PBXBuildFile; fileRef = BEEF000000000000000000F4 /* SportProfileTests.swift */; };
		FACE000000000000000000B5 /* CatapultParserTests.swift in Sources */ = {isa = PBXBuildFile; fileRef = BEEF000000000000000000F5 /* CatapultParserTests.swift */; };
		FACE000000000000000000B6 /* LoadStoreTests.swift in Sources */ = {isa = PBXBuildFile; fileRef = BEEF000000000000000000F6 /* LoadStoreTests.swift */; };
		FDCBD33150BD2B4CBE73FBB2 /* HealthKit.framework in Frameworks */ = {isa = PBXBuildFile; fileRef = 2C88617FE27799E67B29F6DF /* HealthKit.framework */; };
		HS00000000000000000000004 /* HealthModels.swift in Sources */ = {isa = PBXBuildFile; fileRef = HS00000000000000000000001 /* HealthModels.swift */; };
		HS00000000000000000000005 /* HealthStore.swift in Sources */ = {isa = PBXBuildFile; fileRef = HS00000000000000000000002 /* HealthStore.swift */; };
		HS00000000000000000000006 /* HealthStoreTests.swift in Sources */ = {isa = PBXBuildFile; fileRef = HS00000000000000000000003 /* HealthStoreTests.swift */; };
		BC00000000000000000000001 /* BaselineCalculator.swift in Sources */ = {isa = PBXBuildFile; fileRef = BC00000000000000000000002 /* BaselineCalculator.swift */; };
		BC00000000000000000000003 /* BaselineCalculatorTests.swift in Sources */ = {isa = PBXBuildFile; fileRef = BC00000000000000000000004 /* BaselineCalculatorTests.swift */; };
/* End PBXBuildFile section */

/* Begin PBXContainerItemProxy section */
		CAFE000000000000000000A8 /* PBXContainerItemProxy */ = {
			isa = PBXContainerItemProxy;
			containerPortal = 5299AC4324DC18342A8CCD96 /* Project object */;
			proxyType = 1;
			remoteGlobalIDString = 10B243F3E8F88BBF5D5C0CB6;
			remoteInfo = KAIZENN;
		};
/* End PBXContainerItemProxy section */

/* Begin PBXFileReference section */
		001F0D44BEF7DD9E0ECC9090 /* ScheduleModels.swift */ = {isa = PBXFileReference; lastKnownFileType = sourcecode.swift; path = ScheduleModels.swift; sourceTree = "<group>"; };
		02B4E9E7F645566F6EC8259C /* AddTaskView.swift */ = {isa = PBXFileReference; lastKnownFileType = sourcecode.swift; path = AddTaskView.swift; sourceTree = "<group>"; };
		10F1C5485AE3111A7148AC2C /* ReadinessBaselineTests.swift */ = {isa = PBXFileReference; includeInIndex = 1; lastKnownFileType = sourcecode.swift; name = ReadinessBaselineTests.swift; path = KAIZENNTests/ReadinessBaselineTests.swift; sourceTree = SOURCE_ROOT; };
		1505C1567225A39F15208143 /* AddFoodView.swift */ = {isa = PBXFileReference; lastKnownFileType = sourcecode.swift; path = AddFoodView.swift; sourceTree = "<group>"; };
		1A21A92B383EFD6E625BACD1 /* SettingsView.swift */ = {isa = PBXFileReference; includeInIndex = 1; lastKnownFileType = sourcecode.swift; path = SettingsView.swift; sourceTree = "<group>"; };
		1C226AC67400A8E7FD5F6509 /* WeightView.swift */ = {isa = PBXFileReference; lastKnownFileType = sourcecode.swift; path = WeightView.swift; sourceTree = "<group>"; };
		1F3CB7C0CC2324BD1548388D /* ScheduleStore.swift */ = {isa = PBXFileReference; lastKnownFileType = sourcecode.swift; path = ScheduleStore.swift; sourceTree = "<group>"; };
		21910ACF42084529910857DD /* ReadinessBaselineProvider.swift */ = {isa = PBXFileReference; includeInIndex = 1; lastKnownFileType = sourcecode.swift; name = ReadinessBaselineProvider.swift; path = KAIZENN/Features/Readiness/ReadinessBaselineProvider.swift; sourceTree = SOURCE_ROOT; };
		2B3C4D5E6F7A8B9C0D1E2F3A /* SportProfile.swift */ = {isa = PBXFileReference; lastKnownFileType = sourcecode.swift; path = SportProfile.swift; sourceTree = "<group>"; };
		2C88617FE27799E67B29F6DF /* HealthKit.framework */ = {isa = PBXFileReference; lastKnownFileType = wrapper.framework; name = HealthKit.framework; path = System/Library/Frameworks/HealthKit.framework; sourceTree = SDKROOT; };
		3486F76CEDC4116165842329 /* NutritionModels.swift */ = {isa = PBXFileReference; lastKnownFileType = sourcecode.swift; path = NutritionModels.swift; sourceTree = "<group>"; };
		3515F086ED3D1C85E9065024 /* KAIZENN.app */ = {isa = PBXFileReference; explicitFileType = wrapper.application; includeInIndex = 0; path = KAIZENN.app; sourceTree = BUILT_PRODUCTS_DIR; };
		3A8F2C1D9E4B5067A1C2D3E4 /* KAIZENNWatch.entitlements */ = {isa = PBXFileReference; lastKnownFileType = text.plist.entitlements; path = KAIZENNWatch.entitlements; sourceTree = "<group>"; };
		3EBE2F78097B007BB73911C9 /* ReadinessEngineTests.swift */ = {isa = PBXFileReference; includeInIndex = 1; lastKnownFileType = sourcecode.swift; name = ReadinessEngineTests.swift; path = KAIZENNTests/ReadinessEngineTests.swift; sourceTree = SOURCE_ROOT; };
		43746BB905634F97B3497D38 /* GPSSession.swift */ = {isa = PBXFileReference; lastKnownFileType = sourcecode.swift; path = GPSSession.swift; sourceTree = "<group>"; };
		454E071F81DB7F28A76C3D8F /* ActivityStore.swift */ = {isa = PBXFileReference; lastKnownFileType = sourcecode.swift; path = ActivityStore.swift; sourceTree = "<group>"; };
		499F2B3DA0EBD4484B821FBA /* KAIZENNApp.swift */ = {isa = PBXFileReference; lastKnownFileType = sourcecode.swift; path = KAIZENNApp.swift; sourceTree = "<group>"; };
		4A3F9E0C64F4C07C0341E24D /* CoachView.swift */ = {isa = PBXFileReference; lastKnownFileType = sourcecode.swift; path = CoachView.swift; sourceTree = "<group>"; };
		4D815DD2BB41FEA1DA45DC65 /* Info.plist */ = {isa = PBXFileReference; lastKnownFileType = text.plist.xml; path = Info.plist; sourceTree = "<group>"; };
		60B3AAC2E60EF20542835FBA /* OnboardingFlowView.swift */ = {isa = PBXFileReference; lastKnownFileType = sourcecode.swift; path = OnboardingFlowView.swift; sourceTree = "<group>"; };
		60BB56C71F6FE206357FBC5B /* MainTabView.swift */ = {isa = PBXFileReference; lastKnownFileType = sourcecode.swift; path = MainTabView.swift; sourceTree = "<group>"; };
		64C38A60943F0E7701F1FBE2 /* CoachActionEngineTests.swift */ = {isa = PBXFileReference; includeInIndex = 1; lastKnownFileType = sourcecode.swift; name = CoachActionEngineTests.swift; path = KAIZENNTests/CoachActionEngineTests.swift; sourceTree = SOURCE_ROOT; };
		657D6919B2ABE2F8B5FEB5AC /* KAIZENNWatchApp.swift */ = {isa = PBXFileReference; lastKnownFileType = sourcecode.swift; path = KAIZENNWatchApp.swift; sourceTree = "<group>"; };
		6A473374B40C1F5DD3B764F6 /* WeightStore.swift */ = {isa = PBXFileReference; lastKnownFileType = sourcecode.swift; path = WeightStore.swift; sourceTree = "<group>"; };
		6B12905602A54541D803EDE4 /* NutritionView.swift */ = {isa = PBXFileReference; lastKnownFileType = sourcecode.swift; path = NutritionView.swift; sourceTree = "<group>"; };
		70027590D58C8F57E6524260 /* KComponents.swift */ = {isa = PBXFileReference; lastKnownFileType = sourcecode.swift; path = KComponents.swift; sourceTree = "<group>"; };
		7AA17586E346D7FD3A99EB4A /* ReadinessReportView.swift */ = {isa = PBXFileReference; includeInIndex = 1; lastKnownFileType = sourcecode.swift; name = ReadinessReportView.swift; path = KAIZENN/Features/Readiness/ReadinessReportView.swift; sourceTree = SOURCE_ROOT; };
		7B0503B9E1CF593DA0A19DA4 /* ProfileView.swift */ = {isa = PBXFileReference; lastKnownFileType = sourcecode.swift; path = ProfileView.swift; sourceTree = "<group>"; };
		8607429885DD49118322ECBA /* OpenFoodFactsService.swift */ = {isa = PBXFileReference; lastKnownFileType = sourcecode.swift; path = OpenFoodFactsService.swift; sourceTree = "<group>"; };
		8C55399A23DBC7E16DBC1841 /* ContentView.swift */ = {isa = PBXFileReference; lastKnownFileType = sourcecode.swift; path = ContentView.swift; sourceTree = "<group>"; };
		8D562B3E40B6C9EC53F38F07 /* Assets.xcassets */ = {isa = PBXFileReference; lastKnownFileType = folder.assetcatalog; path = Assets.xcassets; sourceTree = "<group>"; };
		917FF61075306FED050C78AC /* DashboardView.swift */ = {isa = PBXFileReference; lastKnownFileType = sourcecode.swift; path = DashboardView.swift; sourceTree = "<group>"; };
		91BF6A101ADB86CED296D47B /* ActivityModels.swift */ = {isa = PBXFileReference; lastKnownFileType = sourcecode.swift; path = ActivityModels.swift; sourceTree = "<group>"; };
		93877A8ED2CE9EBE2CD5B717 /* ScheduleView.swift */ = {isa = PBXFileReference; lastKnownFileType = sourcecode.swift; path = ScheduleView.swift; sourceTree = "<group>"; };
		9C03483DCAD73AF1E893D661 /* CoachActionEngine.swift */ = {isa = PBXFileReference; includeInIndex = 1; lastKnownFileType = sourcecode.swift; name = CoachActionEngine.swift; path = KAIZENN/Features/Coach/CoachActionEngine.swift; sourceTree = SOURCE_ROOT; };
		9D0A0AEA590D4DB0BD445B4C /* StrengthSession.swift */ = {isa = PBXFileReference; lastKnownFileType = sourcecode.swift; path = StrengthSession.swift; sourceTree = "<group>"; };
		9E6C56295BB4682F8D01931C /* NutritionStore.swift */ = {isa = PBXFileReference; lastKnownFileType = sourcecode.swift; path = NutritionStore.swift; sourceTree = "<group>"; };
		9F19765D068E4A8698F6FC0F /* WatchConnectivityManager.swift */ = {isa = PBXFileReference; lastKnownFileType = sourcecode.swift; path = WatchConnectivityManager.swift; sourceTree = "<group>"; };
		A0021C5C2956990173B6D091 /* UserProfile.swift */ = {isa = PBXFileReference; lastKnownFileType = sourcecode.swift; path = UserProfile.swift; sourceTree = "<group>"; };
		A083F1897FE65BA0360D927A /* KTheme.swift */ = {isa = PBXFileReference; lastKnownFileType = sourcecode.swift; path = KTheme.swift; sourceTree = "<group>"; };
		A1926D9960C83E0D3B20705E /* HealthKitManager.swift */ = {isa = PBXFileReference; lastKnownFileType = sourcecode.swift; path = HealthKitManager.swift; sourceTree = "<group>"; };
		A1B2C3D4E5F6789012345678 /* TrainingMenuScanView.swift */ = {isa = PBXFileReference; lastKnownFileType = sourcecode.swift; path = TrainingMenuScanView.swift; sourceTree = "<group>"; };
		A4B5C6D7E8F9A0B1C2D3E4F5 /* GPSImportView.swift */ = {isa = PBXFileReference; lastKnownFileType = sourcecode.swift; path = GPSImportView.swift; sourceTree = "<group>"; };
		A5B6C7D8E9F0A1B2C3D4E5F6 /* SportProfileSetupView.swift */ = {isa = PBXFileReference; lastKnownFileType = sourcecode.swift; path = SportProfileSetupView.swift; sourceTree = "<group>"; };
		AA11BB22CC33DD44EE55FF66 /* ClaudeService.swift */ = {isa = PBXFileReference; lastKnownFileType = sourcecode.swift; path = ClaudeService.swift; sourceTree = "<group>"; };
		B80BAD712FE4DDE100269068 /* File.txt */ = {isa = PBXFileReference; lastKnownFileType = text; path = File.txt; sourceTree = "<group>"; };
		BA5063ABCB9D6C330FDC0C81 /* WatchKit.framework */ = {isa = PBXFileReference; lastKnownFileType = wrapper.framework; name = WatchKit.framework; path = System/Library/Frameworks/WatchKit.framework; sourceTree = SDKROOT; };
		BB3876B349BED91B0D93DAFF /* RootView.swift */ = {isa = PBXFileReference; lastKnownFileType = sourcecode.swift; path = RootView.swift; sourceTree = "<group>"; };
		BD4987AED5A5D9A5F741039B /* ReadinessBaseline.swift */ = {isa = PBXFileReference; includeInIndex = 1; lastKnownFileType = sourcecode.swift; name = ReadinessBaseline.swift; path = KAIZENN/Features/Readiness/ReadinessBaseline.swift; sourceTree = SOURCE_ROOT; };
		BEEF000000000000000000F1 /* UserProfileTests.swift */ = {isa = PBXFileReference; lastKnownFileType = sourcecode.swift; path = UserProfileTests.swift; sourceTree = "<group>"; };
		BEEF000000000000000000F2 /* StrengthSessionTests.swift */ = {isa = PBXFileReference; lastKnownFileType = sourcecode.swift; path = StrengthSessionTests.swift; sourceTree = "<group>"; };
		BEEF000000000000000000F3 /* GPSSessionTests.swift */ = {isa = PBXFileReference; lastKnownFileType = sourcecode.swift; path = GPSSessionTests.swift; sourceTree = "<group>"; };
		BEEF000000000000000000F4 /* SportProfileTests.swift */ = {isa = PBXFileReference; lastKnownFileType = sourcecode.swift; path = SportProfileTests.swift; sourceTree = "<group>"; };
		BEEF000000000000000000F5 /* CatapultParserTests.swift */ = {isa = PBXFileReference; lastKnownFileType = sourcecode.swift; path = CatapultParserTests.swift; sourceTree = "<group>"; };
		BEEF000000000000000000F6 /* LoadStoreTests.swift */ = {isa = PBXFileReference; lastKnownFileType = sourcecode.swift; path = LoadStoreTests.swift; sourceTree = "<group>"; };
		C666607A8ABE9C541089D071 /* KAIZENNWatch Watch App.app */ = {isa = PBXFileReference; explicitFileType = wrapper.application; includeInIndex = 0; path = "KAIZENNWatch Watch App.app"; sourceTree = BUILT_PRODUCTS_DIR; };
		C6744AA49E02464781C4373C /* BarcodeScannerView.swift */ = {isa = PBXFileReference; lastKnownFileType = sourcecode.swift; path = BarcodeScannerView.swift; sourceTree = "<group>"; };
		C6D7E8F9A0B1C2D3E4F5A6B7 /* StrengthLoggerView.swift */ = {isa = PBXFileReference; lastKnownFileType = sourcecode.swift; path = StrengthLoggerView.swift; sourceTree = "<group>"; };
		CAFE000000000000000000A1 /* KAIZENNTests.xctest */ = {isa = PBXFileReference; explicitFileType = wrapper.cfbundle; includeInIndex = 0; path = KAIZENNTests.xctest; sourceTree = BUILT_PRODUCTS_DIR; };
		CC33DD44EE55FF6677889900 /* Config.xcconfig */ = {isa = PBXFileReference; lastKnownFileType = text.xcconfig; path = Config.xcconfig; sourceTree = "<group>"; };
		D0200E6305302558E6CB980C /* ProxyConfig.swift */ = {isa = PBXFileReference; includeInIndex = 1; lastKnownFileType = sourcecode.swift; name = ProxyConfig.swift; path = Networking/ProxyConfig.swift; sourceTree = "<group>"; };
		D6F3E886B51FBE741DF09E57 /* AppAttestManager.swift */ = {isa = PBXFileReference; includeInIndex = 1; lastKnownFileType = sourcecode.swift; name = AppAttestManager.swift; path = Networking/AppAttestManager.swift; sourceTree = "<group>"; };
		DBDA3236A3DD82FE4245CA7E /* AppState.swift */ = {isa = PBXFileReference; lastKnownFileType = sourcecode.swift; path = AppState.swift; sourceTree = "<group>"; };
		E2F3A4B5C6D7E8F9A0B1C2D3 /* WearableHubView.swift */ = {isa = PBXFileReference; lastKnownFileType = sourcecode.swift; path = WearableHubView.swift; sourceTree = "<group>"; };
		E3DA2E8E540D5D178DF69C5A /* ReadinessEngine.swift */ = {isa = PBXFileReference; includeInIndex = 1; lastKnownFileType = sourcecode.swift; name = ReadinessEngine.swift; path = KAIZENN/Features/Readiness/ReadinessEngine.swift; sourceTree = SOURCE_ROOT; };
		E868E1A4C35548A0AF1BF44F /* LoadStore.swift */ = {isa = PBXFileReference; lastKnownFileType = sourcecode.swift; path = LoadStore.swift; sourceTree = "<group>"; };
		E8F9A0B1C2D3E4F5A6B7C8D9 /* CatapultParser.swift */ = {isa = PBXFileReference; lastKnownFileType = sourcecode.swift; path = CatapultParser.swift; sourceTree = "<group>"; };
		F26164ACA6E2669428B3C7B3 /* ClaudeServiceTests.swift */ = {isa = PBXFileReference; includeInIndex = 1; lastKnownFileType = sourcecode.swift; path = ClaudeServiceTests.swift; sourceTree = "<group>"; };
		F32A5E2F875C4A01ABF14654 /* FoodPhotoScanView.swift */ = {isa = PBXFileReference; lastKnownFileType = sourcecode.swift; path = FoodPhotoScanView.swift; sourceTree = "<group>"; };
		F6C9B84C7FB7A36D458D9FF7 /* LogWeightView.swift */ = {isa = PBXFileReference; lastKnownFileType = sourcecode.swift; path = LogWeightView.swift; sourceTree = "<group>"; };
		FC4FC53957394ECAB54AE795 /* KAIZENN.entitlements */ = {isa = PBXFileReference; lastKnownFileType = text.plist.entitlements; path = KAIZENN.entitlements; sourceTree = "<group>"; };
		FEF3FD01726B46F7ADBE8A4E /* NotificationManager.swift */ = {isa = PBXFileReference; lastKnownFileType = sourcecode.swift; path = NotificationManager.swift; sourceTree = "<group>"; };
		HS00000000000000000000001 /* HealthModels.swift */ = {isa = PBXFileReference; lastKnownFileType = sourcecode.swift; path = HealthModels.swift; sourceTree = "<group>"; };
		HS00000000000000000000002 /* HealthStore.swift */ = {isa = PBXFileReference; lastKnownFileType = sourcecode.swift; path = HealthStore.swift; sourceTree = "<group>"; };
		HS00000000000000000000003 /* HealthStoreTests.swift */ = {isa = PBXFileReference; lastKnownFileType = sourcecode.swift; path = HealthStoreTests.swift; sourceTree = "<group>"; };
		BC00000000000000000000002 /* BaselineCalculator.swift */ = {isa = PBXFileReference; lastKnownFileType = sourcecode.swift; path = BaselineCalculator.swift; sourceTree = "<group>"; };
		BC00000000000000000000004 /* BaselineCalculatorTests.swift */ = {isa = PBXFileReference; lastKnownFileType = sourcecode.swift; path = BaselineCalculatorTests.swift; sourceTree = "<group>"; };
/* End PBXFileReference section */

/* Begin PBXFrameworksBuildPhase section */
		29A496A38019504EAB5B99F1 /* Frameworks */ = {
			isa = PBXFrameworksBuildPhase;
			buildActionMask = 2147483647;
			files = (
				AE25D2ADB9303051068EFB7C /* WatchKit.framework in Frameworks */,
			);
			runOnlyForDeploymentPostprocessing = 0;
		};
		F8E2E15E43E53C3610A485CD /* Frameworks */ = {
			isa = PBXFrameworksBuildPhase;
			buildActionMask = 2147483647;
			files = (
				FDCBD33150BD2B4CBE73FBB2 /* HealthKit.framework in Frameworks */,
			);
			runOnlyForDeploymentPostprocessing = 0;
		};
/* End PBXFrameworksBuildPhase section */

/* Begin PBXGroup section */
		0365AF09DC4B46C4A0592343 /* Features */ = {
			isa = PBXGroup;
			children = (
				CFD260E652C64D27844D9BC6 /* Dashboard */,
				F93CA62B64404E1D8A99F082 /* Nutrition */,
				C3D4E5F6A7B8C9D0E1F2A3B4 /* Hub */,
				C365F160D5904C68A0CC0E24 /* Activity */,
				95E9E7C26E6742A0B5553D35 /* Weight */,
				7981B23C8FA54749960D18F4 /* Schedule */,
				0CF0179A2CC647EB8C32269C /* Coach */,
				75FB77641E054F81ADC184B3 /* Onboarding */,
				C18162A1A58447A7B36A086D /* Profile */,
				AC730DB8886BFA311B2534D9 /* Readiness */,
			);
			path = Features;
			sourceTree = "<group>";
		};
		0CF0179A2CC647EB8C32269C /* Coach */ = {
			isa = PBXGroup;
			children = (
				4A3F9E0C64F4C07C0341E24D /* CoachView.swift */,
			);
			path = Coach;
			sourceTree = "<group>";
		};
		48460F5E220240C99CD952FC /* DesignSystem */ = {
			isa = PBXGroup;
			children = (
				A083F1897FE65BA0360D927A /* KTheme.swift */,
				70027590D58C8F57E6524260 /* KComponents.swift */,
			);
			path = DesignSystem;
			sourceTree = "<group>";
		};
		5928955287B8089ED2177128 = {
			isa = PBXGroup;
			children = (
				CDB672A5B963039BE9FC9603 /* KAIZENN */,
				9F891AF20FFCF5BC4E15AE9D /* KAIZENNWatch Watch App */,
				CAFE000000000000000000A2 /* KAIZENNTests */,
				BF7A2D27A78D590BDEF15AF2 /* Products */,
				B85152D62FDF93D9002044DD /* Recovered References */,
				9C03483DCAD73AF1E893D661 /* CoachActionEngine.swift */,
				64C38A60943F0E7701F1FBE2 /* CoachActionEngineTests.swift */,
			);
			sourceTree = "<group>";
		};
		70BD4530DF8142378BFF662B /* Data */ = {
			isa = PBXGroup;
			children = (
				E295DE54846A44509230DB44 /* HealthKit */,
				HS00000000000000000000007 /* HealthStore */,
				D075C4EF47CE4475A6838AF1 /* Models */,
				EA97F9D1EAFC49ECA1FEE425 /* Persistence */,
				C157EB0D083C46568A7AF404 /* Network */,
			);
			path = Data;
			sourceTree = "<group>";
		};
		HS00000000000000000000007 /* HealthStore */ = {
			isa = PBXGroup;
			children = (
				HS00000000000000000000001 /* HealthModels.swift */,
				HS00000000000000000000002 /* HealthStore.swift */,
				BC00000000000000000000002 /* BaselineCalculator.swift */,
			);
			path = HealthStore;
			sourceTree = "<group>";
		};
		75FB77641E054F81ADC184B3 /* Onboarding */ = {
			isa = PBXGroup;
			children = (
				60B3AAC2E60EF20542835FBA /* OnboardingFlowView.swift */,
				A5B6C7D8E9F0A1B2C3D4E5F6 /* SportProfileSetupView.swift */,
			);
			path = Onboarding;
			sourceTree = "<group>";
		};
		7981B23C8FA54749960D18F4 /* Schedule */ = {
			isa = PBXGroup;
			children = (
				93877A8ED2CE9EBE2CD5B717 /* ScheduleView.swift */,
				02B4E9E7F645566F6EC8259C /* AddTaskView.swift */,
			);
			path = Schedule;
			sourceTree = "<group>";
		};
		7D968B1215BB48A3802AC697 /* Core */ = {
			isa = PBXGroup;
			children = (
				48460F5E220240C99CD952FC /* DesignSystem */,
				A3C1F9B2E4D74E8FA0B1C2D3 /* Notifications */,
				B2D4E6F8A1C34B7D9E0F1A2B /* Connectivity */,
				99788A7DCE5508A101807BB4 /* Networking */,
			);
			path = Core;
			sourceTree = "<group>";
		};
		95B6FD6E73934E76A62E32CB /* Resources */ = {
			isa = PBXGroup;
			children = (
				8D562B3E40B6C9EC53F38F07 /* Assets.xcassets */,
			);
			path = Resources;
			sourceTree = "<group>";
		};
		95E9E7C26E6742A0B5553D35 /* Weight */ = {
			isa = PBXGroup;
			children = (
				1C226AC67400A8E7FD5F6509 /* WeightView.swift */,
				F6C9B84C7FB7A36D458D9FF7 /* LogWeightView.swift */,
			);
			path = Weight;
			sourceTree = "<group>";
		};
		99788A7DCE5508A101807BB4 /* Networking */ = {
			isa = PBXGroup;
			children = (
				D0200E6305302558E6CB980C /* ProxyConfig.swift */,
				D6F3E886B51FBE741DF09E57 /* AppAttestManager.swift */,
			);
			name = Networking;
			sourceTree = "<group>";
		};
		9F891AF20FFCF5BC4E15AE9D /* KAIZENNWatch Watch App */ = {
			isa = PBXGroup;
			children = (
				657D6919B2ABE2F8B5FEB5AC /* KAIZENNWatchApp.swift */,
				8C55399A23DBC7E16DBC1841 /* ContentView.swift */,
				B80BAD712FE4DDE100269068 /* File.txt */,
				3A8F2C1D9E4B5067A1C2D3E4 /* KAIZENNWatch.entitlements */,
			);
			path = "KAIZENNWatch Watch App";
			sourceTree = "<group>";
		};
		A3C1F9B2E4D74E8FA0B1C2D3 /* Notifications */ = {
			isa = PBXGroup;
			children = (
				FEF3FD01726B46F7ADBE8A4E /* NotificationManager.swift */,
			);
			path = Notifications;
			sourceTree = "<group>";
		};
		AC730DB8886BFA311B2534D9 /* Readiness */ = {
			isa = PBXGroup;
			children = (
				E3DA2E8E540D5D178DF69C5A /* ReadinessEngine.swift */,
				7AA17586E346D7FD3A99EB4A /* ReadinessReportView.swift */,
				BD4987AED5A5D9A5F741039B /* ReadinessBaseline.swift */,
				21910ACF42084529910857DD /* ReadinessBaselineProvider.swift */,
			);
			name = Readiness;
			sourceTree = SOURCE_ROOT;
		};
		B2D4E6F8A1C34B7D9E0F1A2B /* Connectivity */ = {
			isa = PBXGroup;
			children = (
				9F19765D068E4A8698F6FC0F /* WatchConnectivityManager.swift */,
			);
			path = Connectivity;
			sourceTree = "<group>";
		};
		B85152D62FDF93D9002044DD /* Recovered References */ = {
			isa = PBXGroup;
			children = (
				2C88617FE27799E67B29F6DF /* HealthKit.framework */,
				BA5063ABCB9D6C330FDC0C81 /* WatchKit.framework */,
			);
			name = "Recovered References";
			sourceTree = "<group>";
		};
		BF7A2D27A78D590BDEF15AF2 /* Products */ = {
			isa = PBXGroup;
			children = (
				3515F086ED3D1C85E9065024 /* KAIZENN.app */,
				C666607A8ABE9C541089D071 /* KAIZENNWatch Watch App.app */,
				CAFE000000000000000000A1 /* KAIZENNTests.xctest */,
			);
			name = Products;
			sourceTree = "<group>";
		};
		C157EB0D083C46568A7AF404 /* Network */ = {
			isa = PBXGroup;
			children = (
				8607429885DD49118322ECBA /* OpenFoodFactsService.swift */,
				AA11BB22CC33DD44EE55FF66 /* ClaudeService.swift */,
			);
			path = Network;
			sourceTree = "<group>";
		};
		C18162A1A58447A7B36A086D /* Profile */ = {
			isa = PBXGroup;
			children = (
				7B0503B9E1CF593DA0A19DA4 /* ProfileView.swift */,
				1A21A92B383EFD6E625BACD1 /* SettingsView.swift */,
			);
			path = Profile;
			sourceTree = "<group>";
		};
		C365F160D5904C68A0CC0E24 /* Activity */ = {
			isa = PBXGroup;
			children = (
			);
			path = Activity;
			sourceTree = "<group>";
		};
		C3D4E5F6A7B8C9D0E1F2A3B4 /* Hub */ = {
			isa = PBXGroup;
			children = (
				E2F3A4B5C6D7E8F9A0B1C2D3 /* WearableHubView.swift */,
				A4B5C6D7E8F9A0B1C2D3E4F5 /* GPSImportView.swift */,
				C6D7E8F9A0B1C2D3E4F5A6B7 /* StrengthLoggerView.swift */,
				E8F9A0B1C2D3E4F5A6B7C8D9 /* CatapultParser.swift */,
				A1B2C3D4E5F6789012345678 /* TrainingMenuScanView.swift */,
			);
			path = Hub;
			sourceTree = "<group>";
		};
		CAFE000000000000000000A2 /* KAIZENNTests */ = {
			isa = PBXGroup;
			children = (
				BEEF000000000000000000F1 /* UserProfileTests.swift */,
				BEEF000000000000000000F2 /* StrengthSessionTests.swift */,
				BEEF000000000000000000F3 /* GPSSessionTests.swift */,
				BEEF000000000000000000F4 /* SportProfileTests.swift */,
				BEEF000000000000000000F5 /* CatapultParserTests.swift */,
				BEEF000000000000000000F6 /* LoadStoreTests.swift */,
				F26164ACA6E2669428B3C7B3 /* ClaudeServiceTests.swift */,
				3EBE2F78097B007BB73911C9 /* ReadinessEngineTests.swift */,
				10F1C5485AE3111A7148AC2C /* ReadinessBaselineTests.swift */,
				HS00000000000000000000003 /* HealthStoreTests.swift */,
				BC00000000000000000000004 /* BaselineCalculatorTests.swift */,
			);
			path = KAIZENNTests;
			sourceTree = SOURCE_ROOT;
		};
		CDB672A5B963039BE9FC9603 /* KAIZENN */ = {
			isa = PBXGroup;
			children = (
				EBA6D0F82BF549F69B0B5585 /* App */,
				7D968B1215BB48A3802AC697 /* Core */,
				70BD4530DF8142378BFF662B /* Data */,
				0365AF09DC4B46C4A0592343 /* Features */,
				95B6FD6E73934E76A62E32CB /* Resources */,
				4D815DD2BB41FEA1DA45DC65 /* Info.plist */,
				FC4FC53957394ECAB54AE795 /* KAIZENN.entitlements */,
				CC33DD44EE55FF6677889900 /* Config.xcconfig */,
			);
			path = KAIZENN;
			sourceTree = "<group>";
		};
		CFD260E652C64D27844D9BC6 /* Dashboard */ = {
			isa = PBXGroup;
			children = (
				60BB56C71F6FE206357FBC5B /* MainTabView.swift */,
				917FF61075306FED050C78AC /* DashboardView.swift */,
			);
			path = Dashboard;
			sourceTree = "<group>";
		};
		D075C4EF47CE4475A6838AF1 /* Models */ = {
			isa = PBXGroup;
			children = (
				A0021C5C2956990173B6D091 /* UserProfile.swift */,
				2B3C4D5E6F7A8B9C0D1E2F3A /* SportProfile.swift */,
				43746BB905634F97B3497D38 /* GPSSession.swift */,
				9D0A0AEA590D4DB0BD445B4C /* StrengthSession.swift */,
				3486F76CEDC4116165842329 /* NutritionModels.swift */,
				91BF6A101ADB86CED296D47B /* ActivityModels.swift */,
				001F0D44BEF7DD9E0ECC9090 /* ScheduleModels.swift */,
			);
			path = Models;
			sourceTree = "<group>";
		};
		E295DE54846A44509230DB44 /* HealthKit */ = {
			isa = PBXGroup;
			children = (
				A1926D9960C83E0D3B20705E /* HealthKitManager.swift */,
			);
			path = HealthKit;
			sourceTree = "<group>";
		};
		EA97F9D1EAFC49ECA1FEE425 /* Persistence */ = {
			isa = PBXGroup;
			children = (
				9E6C56295BB4682F8D01931C /* NutritionStore.swift */,
				6A473374B40C1F5DD3B764F6 /* WeightStore.swift */,
				1F3CB7C0CC2324BD1548388D /* ScheduleStore.swift */,
				454E071F81DB7F28A76C3D8F /* ActivityStore.swift */,
				E868E1A4C35548A0AF1BF44F /* LoadStore.swift */,
			);
			path = Persistence;
			sourceTree = "<group>";
		};
		EBA6D0F82BF549F69B0B5585 /* App */ = {
			isa = PBXGroup;
			children = (
				499F2B3DA0EBD4484B821FBA /* KAIZENNApp.swift */,
				DBDA3236A3DD82FE4245CA7E /* AppState.swift */,
				BB3876B349BED91B0D93DAFF /* RootView.swift */,
			);
			path = App;
			sourceTree = "<group>";
		};
		F93CA62B64404E1D8A99F082 /* Nutrition */ = {
			isa = PBXGroup;
			children = (
				6B12905602A54541D803EDE4 /* NutritionView.swift */,
				1505C1567225A39F15208143 /* AddFoodView.swift */,
				C6744AA49E02464781C4373C /* BarcodeScannerView.swift */,
				F32A5E2F875C4A01ABF14654 /* FoodPhotoScanView.swift */,
			);
			path = Nutrition;
			sourceTree = "<group>";
		};
/* End PBXGroup section */

/* Begin PBXNativeTarget section */
		10B243F3E8F88BBF5D5C0CB6 /* KAIZENN */ = {
			isa = PBXNativeTarget;
			buildConfigurationList = 067FD3DED2007025D1EAABB7 /* Build configuration list for PBXNativeTarget "KAIZENN" */;
			buildPhases = (
				092565D054976A1E3DA977DF /* Sources */,
				F8E2E15E43E53C3610A485CD /* Frameworks */,
				12F87E68C40DE1625F84C134 /* Resources */,
			);
			buildRules = (
			);
			dependencies = (
			);
			name = KAIZENN;
			productName = KAIZENN;
			productReference = 3515F086ED3D1C85E9065024 /* KAIZENN.app */;
			productType = "com.apple.product-type.application";
		};
		703A698638259F0A8FDBBA56 /* KAIZENNWatch Watch App */ = {
			isa = PBXNativeTarget;
			buildConfigurationList = 57F6A0F03544B22AC754620F /* Build configuration list for PBXNativeTarget "KAIZENNWatch Watch App" */;
			buildPhases = (
				00BC88F4BBF585BCEE2E0316 /* Sources */,
				29A496A38019504EAB5B99F1 /* Frameworks */,
				BADA972A6FEABAD9DC470754 /* Resources */,
			);
			buildRules = (
			);
			dependencies = (
			);
			name = "KAIZENNWatch Watch App";
			productName = "KAIZENNWatch Watch App";
			productReference = C666607A8ABE9C541089D071 /* KAIZENNWatch Watch App.app */;
			productType = "com.apple.product-type.application";
		};
		CAFE000000000000000000A0 /* KAIZENNTests */ = {
			isa = PBXNativeTarget;
			buildConfigurationList = CAFE000000000000000000A4 /* Build configuration list for PBXNativeTarget "KAIZENNTests" */;
			buildPhases = (
				CAFE000000000000000000A3 /* Sources */,
			);
			buildRules = (
			);
			dependencies = (
				CAFE000000000000000000A7 /* PBXTargetDependency */,
			);
			name = KAIZENNTests;
			productName = KAIZENNTests;
			productReference = CAFE000000000000000000A1 /* KAIZENNTests.xctest */;
			productType = "com.apple.product-type.bundle.unit-test";
		};
/* End PBXNativeTarget section */

/* Begin PBXProject section */
		5299AC4324DC18342A8CCD96 /* Project object */ = {
			isa = PBXProject;
			attributes = {
				BuildIndependentTargetsInParallel = 1;
				LastSwiftUpdateCheck = 1500;
				LastUpgradeCheck = 2610;
				TargetAttributes = {
					10B243F3E8F88BBF5D5C0CB6 = {
						CreatedOnToolsVersion = 15.0;
					};
					703A698638259F0A8FDBBA56 = {
						CreatedOnToolsVersion = 15.0;
					};
					CAFE000000000000000000A0 = {
						CreatedOnToolsVersion = 15.0;
						TestTargetID = 10B243F3E8F88BBF5D5C0CB6;
					};
				};
			};
			buildConfigurationList = 4623F89214148A3820E2F59A /* Build configuration list for PBXProject "KAIZENN" */;
			compatibilityVersion = "Xcode 14.0";
			developmentRegion = en;
			hasScannedForEncodings = 0;
			knownRegions = (
				en,
				Base,
			);
			mainGroup = 5928955287B8089ED2177128;
			productRefGroup = BF7A2D27A78D590BDEF15AF2 /* Products */;
			projectDirPath = "";
			projectRoot = "";
			targets = (
				10B243F3E8F88BBF5D5C0CB6 /* KAIZENN */,
				703A698638259F0A8FDBBA56 /* KAIZENNWatch Watch App */,
				CAFE000000000000000000A0 /* KAIZENNTests */,
			);
		};
/* End PBXProject section */

/* Begin PBXResourcesBuildPhase section */
		12F87E68C40DE1625F84C134 /* Resources */ = {
			isa = PBXResourcesBuildPhase;
			buildActionMask = 2147483647;
			files = (
				04A7814E4EEC70DE7D6C41B1 /* Assets.xcassets in Resources */,
			);
			runOnlyForDeploymentPostprocessing = 0;
		};
		BADA972A6FEABAD9DC470754 /* Resources */ = {
			isa = PBXResourcesBuildPhase;
			buildActionMask = 2147483647;
			files = (
				B80BAD722FE4DDE100269068 /* File.txt in Resources */,
			);
			runOnlyForDeploymentPostprocessing = 0;
		};
/* End PBXResourcesBuildPhase section */

/* Begin PBXSourcesBuildPhase section */
		00BC88F4BBF585BCEE2E0316 /* Sources */ = {
			isa = PBXSourcesBuildPhase;
			buildActionMask = 2147483647;
			files = (
				B5E83DAB5D740CAC794E2370 /* KAIZENNWatchApp.swift in Sources */,
				CB061155EB874F821416F33C /* ContentView.swift in Sources */,
			);
			runOnlyForDeploymentPostprocessing = 0;
		};
		092565D054976A1E3DA977DF /* Sources */ = {
			isa = PBXSourcesBuildPhase;
			buildActionMask = 2147483647;
			files = (
				A55E846C7D9C11F5872AACFA /* KAIZENNApp.swift in Sources */,
				4DC7EFA7E729B492D4D9172E /* AppState.swift in Sources */,
				8B96EA90586A664726888B8A /* RootView.swift in Sources */,
				CFD96B9274C1DF3C0C34E74E /* KTheme.swift in Sources */,
				CF64F6DD1FD2D1E73E0C0663 /* KComponents.swift in Sources */,
				B3B1E2166CCE182C164F3526 /* HealthKitManager.swift in Sources */,
				04DEEC5DF0043E486D50E6DE /* UserProfile.swift in Sources */,
				1A2B3C4D5E6F7A8B9C0D1E2F /* SportProfile.swift in Sources */,
				E31920300A97E130DA9FE108 /* NutritionModels.swift in Sources */,
				2F4C501FD3324042C681505E /* ActivityModels.swift in Sources */,
				9AE8EBB19366BE4866A2D39A /* ScheduleModels.swift in Sources */,
				0AEB7898D2545145F8E0B4C7 /* NutritionStore.swift in Sources */,
				5B083EA9B8E1A2EDA5DF0690 /* WeightStore.swift in Sources */,
				D708C9FCD82AAD29C288DCB2 /* ScheduleStore.swift in Sources */,
				A0CCA717A90BC88D63EAB5E8 /* ActivityStore.swift in Sources */,
				8C2832FA151648DE8EF36451 /* LoadStore.swift in Sources */,
				74C12F28F3F5DA47E83164EE /* MainTabView.swift in Sources */,
				E2247B3EBA845E97050D7102 /* DashboardView.swift in Sources */,
				70D5940D7218B4D0C2F38E32 /* NutritionView.swift in Sources */,
				6105612DBCF6B316335CE476 /* AddFoodView.swift in Sources */,
				207B1054BC1640A290B31727 /* FoodPhotoScanView.swift in Sources */,
				F5F8306DA9EA43C58185E446 /* OpenFoodFactsService.swift in Sources */,
				E122309DF0C240A4AE53BC4F /* BarcodeScannerView.swift in Sources */,
				626F30D58C3445F29E2F0BDE /* NotificationManager.swift in Sources */,
				BAFDE2B80D144A5F86AB9282 /* WatchConnectivityManager.swift in Sources */,
				DB04D9EC4599B2292D30C061 /* WeightView.swift in Sources */,
				654C21FF9D12EF059A9C835B /* LogWeightView.swift in Sources */,
				A385AEA5DE38382CD65DAC61 /* ScheduleView.swift in Sources */,
				C2657B3BF636AA7FDAF9CCC6 /* AddTaskView.swift in Sources */,
				BC770D61FF67FBCBA603E094 /* CoachView.swift in Sources */,
				D1E2F3A4B5C6D7E8F9A0B1C2 /* WearableHubView.swift in Sources */,
				F3A4B5C6D7E8F9A0B1C2D3E4 /* GPSImportView.swift in Sources */,
				B5C6D7E8F9A0B1C2D3E4F5A6 /* StrengthLoggerView.swift in Sources */,
				D7E8F9A0B1C2D3E4F5A6B7C8 /* CatapultParser.swift in Sources */,
				15A12CC83C82EA541FC21539 /* OnboardingFlowView.swift in Sources */,
				B6C7D8E9F0A1B2C3D4E5F6A7 /* SportProfileSetupView.swift in Sources */,
				F7DFD454952E7A4E13CAE607 /* ProfileView.swift in Sources */,
				BB22CC33DD44EE55FF667788 /* ClaudeService.swift in Sources */,
				7039CE9C1C224420879389AE /* GPSSession.swift in Sources */,
				BC4B7FB8C7494662906B4E4F /* StrengthSession.swift in Sources */,
				F0A1B2C3D4E5F6A7B8C9D0E1 /* TrainingMenuScanView.swift in Sources */,
				4342C66E6102EAB1E32F7F1E /* ProxyConfig.swift in Sources */,
				805B6A7768104E6700107F70 /* AppAttestManager.swift in Sources */,
				7CC3CC76DDD9713EBCA04328 /* SettingsView.swift in Sources */,
				9E83E42B410682BF4C540808 /* ReadinessEngine.swift in Sources */,
				3D7E0FA367412974CCCFB823 /* ReadinessReportView.swift in Sources */,
				A75E1FF7D8D46D6B98DE3F29 /* ReadinessBaseline.swift in Sources */,
				10FD4B352EC8700EAA547D5A /* ReadinessBaselineProvider.swift in Sources */,
				334121B3B24C702D1A304A11 /* CoachActionEngine.swift in Sources */,
				HS00000000000000000000004 /* HealthModels.swift in Sources */,
				HS00000000000000000000005 /* HealthStore.swift in Sources */,
				BC00000000000000000000001 /* BaselineCalculator.swift in Sources */,
			);
			runOnlyForDeploymentPostprocessing = 0;
		};
		CAFE000000000000000000A3 /* Sources */ = {
			isa = PBXSourcesBuildPhase;
			buildActionMask = 2147483647;
			files = (
				FACE000000000000000000B1 /* UserProfileTests.swift in Sources */,
				FACE000000000000000000B2 /* StrengthSessionTests.swift in Sources */,
				FACE000000000000000000B3 /* GPSSessionTests.swift in Sources */,
				FACE000000000000000000B4 /* SportProfileTests.swift in Sources */,
				FACE000000000000000000B5 /* CatapultParserTests.swift in Sources */,
				FACE000000000000000000B6 /* LoadStoreTests.swift in Sources */,
				4D41CA20C98165484C57B400 /* ClaudeServiceTests.swift in Sources */,
				E798A40EFD4BFC2815BC9F04 /* ReadinessEngineTests.swift in Sources */,
				66D5EF9C8C8195C928FF8368 /* ReadinessBaselineTests.swift in Sources */,
				65555E59D4F84D2CEC8A643A /* CoachActionEngineTests.swift in Sources */,
				HS00000000000000000000006 /* HealthStoreTests.swift in Sources */,
				BC00000000000000000000003 /* BaselineCalculatorTests.swift in Sources */,
			);
			runOnlyForDeploymentPostprocessing = 0;
		};
/* End PBXSourcesBuildPhase section */

/* Begin PBXTargetDependency section */
		CAFE000000000000000000A7 /* PBXTargetDependency */ = {
			isa = PBXTargetDependency;
			target = 10B243F3E8F88BBF5D5C0CB6 /* KAIZENN */;
			targetProxy = CAFE000000000000000000A8 /* PBXContainerItemProxy */;
		};
/* End PBXTargetDependency section */

/* Begin XCBuildConfiguration section */
		0225251A6645AA6415ABBE55 /* Debug */ = {
			isa = XCBuildConfiguration;
			buildSettings = {
				CODE_SIGN_ENTITLEMENTS = "KAIZENNWatch Watch App/KAIZENNWatch.entitlements";
				CODE_SIGN_STYLE = Automatic;
				CURRENT_PROJECT_VERSION = 1;
				GENERATE_INFOPLIST_FILE = YES;
				INFOPLIST_KEY_NSHealthShareUsageDescription = "KAIZENN reads your health data including steps, heart rate, and exercise time to power your watch dashboard and workout tracking.";
				INFOPLIST_KEY_NSHealthUpdateUsageDescription = "KAIZENN saves workouts you start from your watch to Apple Health so they sync with the KAIZENN app.";
				IPHONEOS_DEPLOYMENT_TARGET = 12.0;
				MARKETING_VERSION = 1.0;
				PRODUCT_BUNDLE_IDENTIFIER = com.kaizenn.app.watchkitapp;
				PRODUCT_NAME = "$(TARGET_NAME)";
				SDKROOT = watchos;
				SUPPORTED_PLATFORMS = "watchos watchsimulator";
				SWIFT_EMIT_LOC_STRINGS = YES;
				SWIFT_VERSION = 5.0;
				TARGETED_DEVICE_FAMILY = 4;
				WATCHOS_DEPLOYMENT_TARGET = 10.0;
			};
			name = Debug;
		};
		540546482BF13AAB117506A6 /* Release */ = {
			isa = XCBuildConfiguration;
			buildSettings = {
				ALWAYS_SEARCH_USER_PATHS = NO;
				ASSET_CATALOG_COMPILER_OPTIMIZATION = space;
				CLANG_ANALYZER_NONNULL = YES;
				CLANG_CXX_LANGUAGE_STANDARD = "gnu++20";
				CLANG_ENABLE_MODULES = YES;
				CLANG_ENABLE_OBJC_ARC = YES;
				COPY_PHASE_STRIP = NO;
				DEBUG_INFORMATION_FORMAT = "dwarf-with-dsym";
				DEVELOPMENT_TEAM = SXGCGRXFNT;
				ENABLE_NS_ASSERTIONS = NO;
				ENABLE_STRICT_OBJC_MSGSEND = YES;
				ENABLE_USER_SCRIPT_SANDBOXING = YES;
				GCC_C_LANGUAGE_STANDARD = gnu17;
				GCC_NO_COMMON_BLOCKS = YES;
				GCC_WARN_64_TO_32_BIT_CONVERSION = YES;
				GCC_WARN_ABOUT_RETURN_TYPE = YES_ERROR;
				GCC_WARN_UNDECLARED_SELECTOR = YES;
				GCC_WARN_UNINITIALIZED_AUTOS = YES_AGGRESSIVE;
				GCC_WARN_UNUSED_FUNCTION = YES;
				GCC_WARN_UNUSED_VARIABLE = YES;
				IPHONEOS_DEPLOYMENT_TARGET = 17.0;
				MTL_FAST_MATH = YES;
				SDKROOT = iphoneos;
				STRING_CATALOG_GENERATE_SYMBOLS = YES;
				SWIFT_COMPILATION_MODE = wholemodule;
				SWIFT_OPTIMIZATION_LEVEL = "-O";
				VALIDATE_PRODUCT = YES;
			};
			name = Release;
		};
		6B8C1EE809621751BFB994D3 /* Release */ = {
			isa = XCBuildConfiguration;
			buildSettings = {
				CODE_SIGN_ENTITLEMENTS = "KAIZENNWatch Watch App/KAIZENNWatch.entitlements";
				CODE_SIGN_STYLE = Automatic;
				CURRENT_PROJECT_VERSION = 1;
				GENERATE_INFOPLIST_FILE = YES;
				INFOPLIST_KEY_NSHealthShareUsageDescription = "KAIZENN reads your health data including steps, heart rate, and exercise time to power your watch dashboard and workout tracking.";
				INFOPLIST_KEY_NSHealthUpdateUsageDescription = "KAIZENN saves workouts you start from your watch to Apple Health so they sync with the KAIZENN app.";
				IPHONEOS_DEPLOYMENT_TARGET = 12.0;
				MARKETING_VERSION = 1.0;
				PRODUCT_BUNDLE_IDENTIFIER = com.kaizenn.app.watchkitapp;
				PRODUCT_NAME = "$(TARGET_NAME)";
				SDKROOT = watchos;
				SUPPORTED_PLATFORMS = "watchos watchsimulator";
				SWIFT_EMIT_LOC_STRINGS = YES;
				SWIFT_VERSION = 5.0;
				TARGETED_DEVICE_FAMILY = 4;
				WATCHOS_DEPLOYMENT_TARGET = 10.0;
			};
			name = Release;
		};
		B24F1730DC60687245C21FE3 /* Debug */ = {
			isa = XCBuildConfiguration;
			baseConfigurationReference = CC33DD44EE55FF6677889900 /* Config.xcconfig */;
			buildSettings = {
				ASSET_CATALOG_COMPILER_OPTIMIZATION = space;
				CODE_SIGN_ENTITLEMENTS = KAIZENN/KAIZENN.entitlements;
				CODE_SIGN_STYLE = Automatic;
				CURRENT_PROJECT_VERSION = 1;
				DEVELOPMENT_ASSET_PATHS = "";
				ENABLE_PREVIEWS = YES;
				GENERATE_INFOPLIST_FILE = NO;
				INFOPLIST_FILE = KAIZENN/Info.plist;
				IPHONEOS_DEPLOYMENT_TARGET = 17.0;
				LE_SWIFT_VERSION = 5.0;
				MARKETING_VERSION = 1.0;
				PRODUCT_BUNDLE_IDENTIFIER = com.kaizenn.app;
				PRODUCT_NAME = "$(TARGET_NAME)";
				SDKROOT = iphoneos;
				SUPPORTED_PLATFORMS = "iphoneos iphonesimulator";
				SWIFT_EMIT_LOC_STRINGS = YES;
				SWIFT_VERSION = 5.0;
				TARGETED_DEVICE_FAMILY = "1,2";
			};
			name = Debug;
		};
		C33178FB9E2FFA68E15EBD85 /* Debug */ = {
			isa = XCBuildConfiguration;
			buildSettings = {
				ALWAYS_SEARCH_USER_PATHS = NO;
				ASSET_CATALOG_COMPILER_OPTIMIZATION = space;
				CLANG_ANALYZER_NONNULL = YES;
				CLANG_CXX_LANGUAGE_STANDARD = "gnu++20";
				CLANG_ENABLE_MODULES = YES;
				CLANG_ENABLE_OBJC_ARC = YES;
				CLANG_WARN_BLOCK_CAPTURE_AUTORELEASING = YES;
				CLANG_WARN_BOOL_CONVERSION = YES;
				CLANG_WARN_COMMA = YES;
				CLANG_WARN_CONSTANT_CONVERSION = YES;
				CLANG_WARN_DEPRECATED_OBJC_IMPLEMENTATIONS = YES;
				CLANG_WARN_DIRECT_OBJC_ISA_USAGE = YES_ERROR;
				CLANG_WARN_DOCUMENTATION_COMMENTS = YES;
				CLANG_WARN_EMPTY_BODY = YES;
				CLANG_WARN_ENUM_CONVERSION = YES;
				CLANG_WARN_INFINITE_RECURSION = YES;
				CLANG_WARN_INT_CONVERSION = YES;
				CLANG_WARN_NON_LITERAL_NULL_CONVERSION = YES;
				CLANG_WARN_OBJC_IMPLICIT_RETAIN_SELF = YES;
				CLANG_WARN_OBJC_LITERAL_CONVERSION = YES;
				CLANG_WARN_OBJC_ROOT_CLASS = YES_ERROR;
				CLANG_WARN_QUOTED_INCLUDE_IN_FRAMEWORK_HEADER = YES;
				CLANG_WARN_RANGE_LOOP_ANALYSIS = YES;
				CLANG_WARN_STRICT_PROTOTYPES = YES;
				CLANG_WARN_SUSPICIOUS_MOVE = YES;
				CLANG_WARN_UNGUARDED_AVAILABILITY = YES_AGGRESSIVE;
				CLANG_WARN_UNREACHABLE_CODE = YES;
				CLANG_WARN__DUPLICATE_METHOD_MATCH = YES;
				COPY_PHASE_STRIP = NO;
				DEBUG_INFORMATION_FORMAT = dwarf;
				DEVELOPMENT_TEAM = SXGCGRXFNT;
				ENABLE_STRICT_OBJC_MSGSEND = YES;
				ENABLE_TESTABILITY = YES;
				ENABLE_USER_SCRIPT_SANDBOXING = YES;
				GCC_C_LANGUAGE_STANDARD = gnu17;
				GCC_DYNAMIC_NO_PIC = NO;
				GCC_NO_COMMON_BLOCKS = YES;
				GCC_OPTIMIZATION_LEVEL = 0;
				GCC_PREPROCESSOR_DEFINITIONS = (
					"DEBUG=1",
					"$(inherited)",
				);
				GCC_WARN_64_TO_32_BIT_CONVERSION = YES;
				GCC_WARN_ABOUT_RETURN_TYPE = YES_ERROR;
				GCC_WARN_UNDECLARED_SELECTOR = YES;
				GCC_WARN_UNINITIALIZED_AUTOS = YES_AGGRESSIVE;
				GCC_WARN_UNUSED_FUNCTION = YES;
				GCC_WARN_UNUSED_VARIABLE = YES;
				IPHONEOS_DEPLOYMENT_TARGET = 17.0;
				MTL_ENABLE_DEBUG_INFO = INCLUDE_SOURCE;
				MTL_FAST_MATH = YES;
				ONLY_ACTIVE_ARCH = YES;
				SDKROOT = iphoneos;
				STRING_CATALOG_GENERATE_SYMBOLS = YES;
				SWIFT_ACTIVE_COMPILATION_CONDITIONS = DEBUG;
				SWIFT_OPTIMIZATION_LEVEL = "-Onone";
			};
			name = Debug;
		};
		CAFE000000000000000000A5 /* Debug */ = {
			isa = XCBuildConfiguration;
			buildSettings = {
				BUNDLE_LOADER = "$(TEST_HOST)";
				CODE_SIGN_STYLE = Automatic;
				CURRENT_PROJECT_VERSION = 1;
				GENERATE_INFOPLIST_FILE = YES;
				IPHONEOS_DEPLOYMENT_TARGET = 17.0;
				MARKETING_VERSION = 1.0;
				PRODUCT_BUNDLE_IDENTIFIER = com.kaizenn.app.tests;
				PRODUCT_NAME = "$(TARGET_NAME)";
				SDKROOT = iphoneos;
				SUPPORTED_PLATFORMS = "iphoneos iphonesimulator";
				SWIFT_EMIT_LOC_STRINGS = NO;
				SWIFT_VERSION = 5.0;
				TARGETED_DEVICE_FAMILY = "1,2";
				TEST_HOST = "$(BUILT_PRODUCTS_DIR)/KAIZENN.app/$(BUNDLE_EXECUTABLE_FOLDER_PATH)/KAIZENN";
			};
			name = Debug;
		};
		CAFE000000000000000000A6 /* Release */ = {
			isa = XCBuildConfiguration;
			buildSettings = {
				BUNDLE_LOADER = "$(TEST_HOST)";
				CODE_SIGN_STYLE = Automatic;
				CURRENT_PROJECT_VERSION = 1;
				GENERATE_INFOPLIST_FILE = YES;
				IPHONEOS_DEPLOYMENT_TARGET = 17.0;
				MARKETING_VERSION = 1.0;
				PRODUCT_BUNDLE_IDENTIFIER = com.kaizenn.app.tests;
				PRODUCT_NAME = "$(TARGET_NAME)";
				SDKROOT = iphoneos;
				SUPPORTED_PLATFORMS = "iphoneos iphonesimulator";
				SWIFT_EMIT_LOC_STRINGS = NO;
				SWIFT_VERSION = 5.0;
				TARGETED_DEVICE_FAMILY = "1,2";
				TEST_HOST = "$(BUILT_PRODUCTS_DIR)/KAIZENN.app/$(BUNDLE_EXECUTABLE_FOLDER_PATH)/KAIZENN";
			};
			name = Release;
		};
		E0FA9E38B29999CDCAED7CD9 /* Release */ = {
			isa = XCBuildConfiguration;
			baseConfigurationReference = CC33DD44EE55FF6677889900 /* Config.xcconfig */;
			buildSettings = {
				ASSET_CATALOG_COMPILER_OPTIMIZATION = space;
				CODE_SIGN_ENTITLEMENTS = KAIZENN/KAIZENN.entitlements;
				CODE_SIGN_STYLE = Automatic;
				CURRENT_PROJECT_VERSION = 1;
				ENABLE_PREVIEWS = YES;
				GENERATE_INFOPLIST_FILE = NO;
				INFOPLIST_FILE = KAIZENN/Info.plist;
				IPHONEOS_DEPLOYMENT_TARGET = 17.0;
				LE_SWIFT_VERSION = 5.0;
				MARKETING_VERSION = 1.0;
				PRODUCT_BUNDLE_IDENTIFIER = com.kaizenn.app;
				PRODUCT_NAME = "$(TARGET_NAME)";
				SDKROOT = iphoneos;
				SUPPORTED_PLATFORMS = "iphoneos iphonesimulator";
				SWIFT_EMIT_LOC_STRINGS = YES;
				SWIFT_VERSION = 5.0;
				TARGETED_DEVICE_FAMILY = "1,2";
			};
			name = Release;
		};
/* End XCBuildConfiguration section */

/* Begin XCConfigurationList section */
		067FD3DED2007025D1EAABB7 /* Build configuration list for PBXNativeTarget "KAIZENN" */ = {
			isa = XCConfigurationList;
			buildConfigurations = (
				B24F1730DC60687245C21FE3 /* Debug */,
				E0FA9E38B29999CDCAED7CD9 /* Release */,
			);
			defaultConfigurationIsVisible = 0;
			defaultConfigurationName = Release;
		};
		4623F89214148A3820E2F59A /* Build configuration list for PBXProject "KAIZENN" */ = {
			isa = XCConfigurationList;
			buildConfigurations = (
				C33178FB9E2FFA68E15EBD85 /* Debug */,
				540546482BF13AAB117506A6 /* Release */,
			);
			defaultConfigurationIsVisible = 0;
			defaultConfigurationName = Release;
		};
		57F6A0F03544B22AC754620F /* Build configuration list for PBXNativeTarget "KAIZENNWatch Watch App" */ = {
			isa = XCConfigurationList;
			buildConfigurations = (
				0225251A6645AA6415ABBE55 /* Debug */,
				6B8C1EE809621751BFB994D3 /* Release */,
			);
			defaultConfigurationIsVisible = 0;
			defaultConfigurationName = Release;
		};
		CAFE000000000000000000A4 /* Build configuration list for PBXNativeTarget "KAIZENNTests" */ = {
			isa = XCConfigurationList;
			buildConfigurations = (
				CAFE000000000000000000A5 /* Debug */,
				CAFE000000000000000000A6 /* Release */,
			);
			defaultConfigurationIsVisible = 0;
			defaultConfigurationName = Release;
		};
/* End XCConfigurationList section */
	};
	rootObject = 5299AC4324DC18342A8CCD96 /* Project object */;
}
